// !$*UTF8*$!
{
	archiveVersion = 1;
	classes = {
	};
	objectVersion = 50;
	objects = {

/* Begin PBXBuildFile section */
		01061ED12136DCBB008C1E5B /* EventCell.swift in Sources */ = {isa = PBXBuildFile; fileRef = 01061ED02136DCBB008C1E5B /* EventCell.swift */; };
		017F69BC2129EEB9002735E7 /* AppDelegate.swift in Sources */ = {isa = PBXBuildFile; fileRef = 017F69BB2129EEB9002735E7 /* AppDelegate.swift */; };
		017F69C12129EEB9002735E7 /* Main.storyboard in Resources */ = {isa = PBXBuildFile; fileRef = 017F69BF2129EEB9002735E7 /* Main.storyboard */; };
		017F69C32129EEBC002735E7 /* Assets.xcassets in Resources */ = {isa = PBXBuildFile; fileRef = 017F69C22129EEBC002735E7 /* Assets.xcassets */; };
		017F69C62129EEBC002735E7 /* LaunchScreen.storyboard in Resources */ = {isa = PBXBuildFile; fileRef = 017F69C42129EEBC002735E7 /* LaunchScreen.storyboard */; };
		017F69D1212A0175002735E7 /* CalendarController.swift in Sources */ = {isa = PBXBuildFile; fileRef = 017F69D0212A0175002735E7 /* CalendarController.swift */; };
		017F69D3212A0183002735E7 /* FollowingController.swift in Sources */ = {isa = PBXBuildFile; fileRef = 017F69D2212A0183002735E7 /* FollowingController.swift */; };
		017F69D7212D96A3002735E7 /* DetailViewController.swift in Sources */ = {isa = PBXBuildFile; fileRef = 017F69D6212D96A3002735E7 /* DetailViewController.swift */; };
		85F23A7AC59F6348274B33AE /* Pods_AnuallyFestival.framework in Frameworks */ = {isa = PBXBuildFile; fileRef = 7B271A8274A057A11717A73D /* Pods_AnuallyFestival.framework */; };
/* End PBXBuildFile section */

/* Begin PBXFileReference section */
		01061ED02136DCBB008C1E5B /* EventCell.swift */ = {isa = PBXFileReference; lastKnownFileType = sourcecode.swift; path = EventCell.swift; sourceTree = "<group>"; };
		017F69B82129EEB9002735E7 /* AnuallyFestival.app */ = {isa = PBXFileReference; explicitFileType = wrapper.application; includeInIndex = 0; path = AnuallyFestival.app; sourceTree = BUILT_PRODUCTS_DIR; };
		017F69BB2129EEB9002735E7 /* AppDelegate.swift */ = {isa = PBXFileReference; lastKnownFileType = sourcecode.swift; path = AppDelegate.swift; sourceTree = "<group>"; };
		017F69C02129EEB9002735E7 /* Base */ = {isa = PBXFileReference; lastKnownFileType = file.storyboard; name = Base; path = Base.lproj/Main.storyboard; sourceTree = "<group>"; };
		017F69C22129EEBC002735E7 /* Assets.xcassets */ = {isa = PBXFileReference; lastKnownFileType = folder.assetcatalog; path = Assets.xcassets; sourceTree = "<group>"; };
		017F69C52129EEBC002735E7 /* Base */ = {isa = PBXFileReference; lastKnownFileType = file.storyboard; name = Base; path = Base.lproj/LaunchScreen.storyboard; sourceTree = "<group>"; };
		017F69C72129EEBC002735E7 /* Info.plist */ = {isa = PBXFileReference; lastKnownFileType = text.plist.xml; path = Info.plist; sourceTree = "<group>"; };
		017F69D0212A0175002735E7 /* CalendarController.swift */ = {isa = PBXFileReference; lastKnownFileType = sourcecode.swift; path = CalendarController.swift; sourceTree = "<group>"; };
		017F69D2212A0183002735E7 /* FollowingController.swift */ = {isa = PBXFileReference; lastKnownFileType = sourcecode.swift; path = FollowingController.swift; sourceTree = "<group>"; };
		017F69D6212D96A3002735E7 /* DetailViewController.swift */ = {isa = PBXFileReference; lastKnownFileType = sourcecode.swift; path = DetailViewController.swift; sourceTree = "<group>"; };
		1049604CDE32C9AC3635FEF2 /* Pods-AnuallyFestival.debug.xcconfig */ = {isa = PBXFileReference; includeInIndex = 1; lastKnownFileType = text.xcconfig; name = "Pods-AnuallyFestival.debug.xcconfig"; path = "Pods/Target Support Files/Pods-AnuallyFestival/Pods-AnuallyFestival.debug.xcconfig"; sourceTree = "<group>"; };
		4EBAA2139970244B111135F0 /* Pods-AnuallyFestival.release.xcconfig */ = {isa = PBXFileReference; includeInIndex = 1; lastKnownFileType = text.xcconfig; name = "Pods-AnuallyFestival.release.xcconfig"; path = "Pods/Target Support Files/Pods-AnuallyFestival/Pods-AnuallyFestival.release.xcconfig"; sourceTree = "<group>"; };
		7B271A8274A057A11717A73D /* Pods_AnuallyFestival.framework */ = {isa = PBXFileReference; explicitFileType = wrapper.framework; includeInIndex = 0; path = Pods_AnuallyFestival.framework; sourceTree = BUILT_PRODUCTS_DIR; };
/* End PBXFileReference section */

/* Begin PBXFrameworksBuildPhase section */
		017F69B52129EEB9002735E7 /* Frameworks */ = {
			isa = PBXFrameworksBuildPhase;
			buildActionMask = 2147483647;
			files = (
				85F23A7AC59F6348274B33AE /* Pods_AnuallyFestival.framework in Frameworks */,
			);
			runOnlyForDeploymentPostprocessing = 0;
		};
/* End PBXFrameworksBuildPhase section */

/* Begin PBXGroup section */
		017F69AF2129EEB9002735E7 = {
			isa = PBXGroup;
			children = (
				017F69BA2129EEB9002735E7 /* AnuallyFestival */,
				017F69B92129EEB9002735E7 /* Products */,
				F406AF069FB55A44E66DA3CD /* Pods */,
				780412D81B46A2F326D56994 /* Frameworks */,
			);
			sourceTree = "<group>";
		};
		017F69B92129EEB9002735E7 /* Products */ = {
			isa = PBXGroup;
			children = (
				017F69B82129EEB9002735E7 /* AnuallyFestival.app */,
			);
			name = Products;
			sourceTree = "<group>";
		};
		017F69BA2129EEB9002735E7 /* AnuallyFestival */ = {
			isa = PBXGroup;
			children = (
				017F69BB2129EEB9002735E7 /* AppDelegate.swift */,
				017F69D4212AD426002735E7 /* Festival */,
				017F69D5212AD438002735E7 /* Following */,
				017F69BF2129EEB9002735E7 /* Main.storyboard */,
				017F69C22129EEBC002735E7 /* Assets.xcassets */,
				017F69C42129EEBC002735E7 /* LaunchScreen.storyboard */,
				017F69C72129EEBC002735E7 /* Info.plist */,
				017F69CD2129EF71002735E7 /* Image */,
			);
			path = AnuallyFestival;
			sourceTree = "<group>";
		};
		017F69CD2129EF71002735E7 /* Image */ = {
			isa = PBXGroup;
			children = (
			);
			path = Image;
			sourceTree = "<group>";
		};
		017F69D4212AD426002735E7 /* Festival */ = {
			isa = PBXGroup;
			children = (
				017F69D0212A0175002735E7 /* CalendarController.swift */,
				017F69D6212D96A3002735E7 /* DetailViewController.swift */,
				01061ED02136DCBB008C1E5B /* EventCell.swift */,
			);
			path = Festival;
			sourceTree = "<group>";
		};
		017F69D5212AD438002735E7 /* Following */ = {
			isa = PBXGroup;
			children = (
				017F69D2212A0183002735E7 /* FollowingController.swift */,
			);
			path = Following;
			sourceTree = "<group>";
		};
		780412D81B46A2F326D56994 /* Frameworks */ = {
			isa = PBXGroup;
			children = (
				7B271A8274A057A11717A73D /* Pods_AnuallyFestival.framework */,
			);
			name = Frameworks;
			sourceTree = "<group>";
		};
		F406AF069FB55A44E66DA3CD /* Pods */ = {
			isa = PBXGroup;
			children = (
				1049604CDE32C9AC3635FEF2 /* Pods-AnuallyFestival.debug.xcconfig */,
				4EBAA2139970244B111135F0 /* Pods-AnuallyFestival.release.xcconfig */,
			);
			name = Pods;
			sourceTree = "<group>";
		};
/* End PBXGroup section */

/* Begin PBXNativeTarget section */
		017F69B72129EEB9002735E7 /* AnuallyFestival */ = {
			isa = PBXNativeTarget;
			buildConfigurationList = 017F69CA2129EEBC002735E7 /* Build configuration list for PBXNativeTarget "AnuallyFestival" */;
			buildPhases = (
				F20B710218A45D9910F65FA8 /* [CP] Check Pods Manifest.lock */,
				017F69B42129EEB9002735E7 /* Sources */,
				017F69B52129EEB9002735E7 /* Frameworks */,
				017F69B62129EEB9002735E7 /* Resources */,
				BB14109CF0C6E0B5A2AE5334 /* [CP] Embed Pods Frameworks */,
			);
			buildRules = (
			);
			dependencies = (
			);
			name = AnuallyFestival;
			productName = AnuallyFestival;
			productReference = 017F69B82129EEB9002735E7 /* AnuallyFestival.app */;
			productType = "com.apple.product-type.application";
		};
/* End PBXNativeTarget section */

/* Begin PBXProject section */
		017F69B02129EEB9002735E7 /* Project object */ = {
			isa = PBXProject;
			attributes = {
				LastSwiftUpdateCheck = 0940;
				LastUpgradeCheck = 0940;
				ORGANIZATIONNAME = "hansub yoo";
				TargetAttributes = {
					017F69B72129EEB9002735E7 = {
						CreatedOnToolsVersion = 9.4;
					};
				};
			};
			buildConfigurationList = 017F69B32129EEB9002735E7 /* Build configuration list for PBXProject "AnuallyFestival" */;
			compatibilityVersion = "Xcode 9.3";
			developmentRegion = en;
			hasScannedForEncodings = 0;
			knownRegions = (
				en,
				Base,
			);
			mainGroup = 017F69AF2129EEB9002735E7;
			productRefGroup = 017F69B92129EEB9002735E7 /* Products */;
			projectDirPath = "";
			projectRoot = "";
			targets = (
				017F69B72129EEB9002735E7 /* AnuallyFestival */,
			);
		};
/* End PBXProject section */

/* Begin PBXResourcesBuildPhase section */
		017F69B62129EEB9002735E7 /* Resources */ = {
			isa = PBXResourcesBuildPhase;
			buildActionMask = 2147483647;
			files = (
				017F69C62129EEBC002735E7 /* LaunchScreen.storyboard in Resources */,
				017F69C32129EEBC002735E7 /* Assets.xcassets in Resources */,
				017F69C12129EEB9002735E7 /* Main.storyboard in Resources */,
			);
			runOnlyForDeploymentPostprocessing = 0;
		};
/* End PBXResourcesBuildPhase section */

/* Begin PBXShellScriptBuildPhase section */
		BB14109CF0C6E0B5A2AE5334 /* [CP] Embed Pods Frameworks */ = {
			isa = PBXShellScriptBuildPhase;
			buildActionMask = 2147483647;
			files = (
			);
			inputPaths = (
				"${SRCROOT}/Pods/Target Support Files/Pods-AnuallyFestival/Pods-AnuallyFestival-frameworks.sh",
				"${BUILT_PRODUCTS_DIR}/Alamofire/Alamofire.framework",
			);
			name = "[CP] Embed Pods Frameworks";
			outputPaths = (
				"${TARGET_BUILD_DIR}/${FRAMEWORKS_FOLDER_PATH}/Alamofire.framework",
			);
			runOnlyForDeploymentPostprocessing = 0;
			shellPath = /bin/sh;
			shellScript = "\"${SRCROOT}/Pods/Target Support Files/Pods-AnuallyFestival/Pods-AnuallyFestival-frameworks.sh\"\n";
			showEnvVarsInLog = 0;
		};
		F20B710218A45D9910F65FA8 /* [CP] Check Pods Manifest.lock */ = {
			isa = PBXShellScriptBuildPhase;
			buildActionMask = 2147483647;
			files = (
			);
			inputPaths = (
				"${PODS_PODFILE_DIR_PATH}/Podfile.lock",
				"${PODS_ROOT}/Manifest.lock",
			);
			name = "[CP] Check Pods Manifest.lock";
			outputPaths = (
				"$(DERIVED_FILE_DIR)/Pods-AnuallyFestival-checkManifestLockResult.txt",
			);
			runOnlyForDeploymentPostprocessing = 0;
			shellPath = /bin/sh;
			shellScript = "diff \"${PODS_PODFILE_DIR_PATH}/Podfile.lock\" \"${PODS_ROOT}/Manifest.lock\" > /dev/null\nif [ $? != 0 ] ; then\n    # print error to STDERR\n    echo \"error: The sandbox is not in sync with the Podfile.lock. Run 'pod install' or update your CocoaPods installation.\" >&2\n    exit 1\nfi\n# This output is used by Xcode 'outputs' to avoid re-running this script phase.\necho \"SUCCESS\" > \"${SCRIPT_OUTPUT_FILE_0}\"\n";
			showEnvVarsInLog = 0;
		};
/* End PBXShellScriptBuildPhase section */

/* Begin PBXSourcesBuildPhase section */
		017F69B42129EEB9002735E7 /* Sources */ = {
			isa = PBXSourcesBuildPhase;
			buildActionMask = 2147483647;
			files = (
				017F69D1212A0175002735E7 /* CalendarController.swift in Sources */,
				017F69BC2129EEB9002735E7 /* AppDelegate.swift in Sources */,
				01061ED12136DCBB008C1E5B /* EventCell.swift in Sources */,
				017F69D3212A0183002735E7 /* FollowingController.swift in Sources */,
				017F69D7212D96A3002735E7 /* DetailViewController.swift in Sources */,
			);
			runOnlyForDeploymentPostprocessing = 0;
		};
/* End PBXSourcesBuildPhase section */

/* Begin PBXVariantGroup section */
		017F69BF2129EEB9002735E7 /* Main.storyboard */ = {
			isa = PBXVariantGroup;
			children = (
				017F69C02129EEB9002735E7 /* Base */,
			);
			name = Main.storyboard;
			sourceTree = "<group>";
		};
		017F69C42129EEBC002735E7 /* LaunchScreen.storyboard */ = {
			isa = PBXVariantGroup;
			children = (
				017F69C52129EEBC002735E7 /* Base */,
			);
			name = LaunchScreen.storyboard;
			sourceTree = "<group>";
		};
/* End PBXVariantGroup section */

/* Begin XCBuildConfiguration section */
		017F69C82129EEBC002735E7 /* Debug */ = {
			isa = XCBuildConfiguration;
			buildSettings = {
				ALWAYS_SEARCH_USER_PATHS = NO;
				CLANG_ANALYZER_NONNULL = YES;
				CLANG_ANALYZER_NUMBER_OBJECT_CONVERSION = YES_AGGRESSIVE;
				CLANG_CXX_LANGUAGE_STANDARD = "gnu++14";
				CLANG_CXX_LIBRARY = "libc++";
				CLANG_ENABLE_MODULES = YES;
				CLANG_ENABLE_OBJC_ARC = YES;
				CLANG_ENABLE_OBJC_WEAK = YES;
				CLANG_WARN_BLOCK_CAPTURE_AUTORELEASING = YES;
				CLANG_WARN_BOOL_CONVERSION = YES;
				CLANG_WARN_COMMA = YES;
				CLANG_WARN_CONSTANT_CONVERSION = YES;
				CLANG_WARN_DEPRECATED_OBJC_IMPLEMENTATIONS = YES;
				CLANG_WARN_DIRECT_OBJC_ISA_USAGE = YES_ERROR;
				CLANG_WARN_DOCUMENTATION_COMMENTS = YES;
				CLANG_WARN_EMPTY_BODY = YES;
				CLANG_WARN_ENUM_CONVERSION = YES;
				CLANG_WARN_INFINITE_RECURSION = YES;
				CLANG_WARN_INT_CONVERSION = YES;
				CLANG_WARN_NON_LITERAL_NULL_CONVERSION = YES;
				CLANG_WARN_OBJC_IMPLICIT_RETAIN_SELF = YES;
				CLANG_WARN_OBJC_LITERAL_CONVERSION = YES;
				CLANG_WARN_OBJC_ROOT_CLASS = YES_ERROR;
				CLANG_WARN_RANGE_LOOP_ANALYSIS = YES;
				CLANG_WARN_STRICT_PROTOTYPES = YES;
				CLANG_WARN_SUSPICIOUS_MOVE = YES;
				CLANG_WARN_UNGUARDED_AVAILABILITY = YES_AGGRESSIVE;
				CLANG_WARN_UNREACHABLE_CODE = YES;
				CLANG_WARN__DUPLICATE_METHOD_MATCH = YES;
				CODE_SIGN_IDENTITY = "iPhone Developer";
				COPY_PHASE_STRIP = NO;
				DEBUG_INFORMATION_FORMAT = dwarf;
				ENABLE_STRICT_OBJC_MSGSEND = YES;
				ENABLE_TESTABILITY = YES;
				GCC_C_LANGUAGE_STANDARD = gnu11;
				GCC_DYNAMIC_NO_PIC = NO;
				GCC_NO_COMMON_BLOCKS = YES;
				GCC_OPTIMIZATION_LEVEL = 0;
				GCC_PREPROCESSOR_DEFINITIONS = (
					"DEBUG=1",
					"$(inherited)",
				);
				GCC_WARN_64_TO_32_BIT_CONVERSION = YES;
				GCC_WARN_ABOUT_RETURN_TYPE = YES_ERROR;
				GCC_WARN_UNDECLARED_SELECTOR = YES;
				GCC_WARN_UNINITIALIZED_AUTOS = YES_AGGRESSIVE;
				GCC_WARN_UNUSED_FUNCTION = YES;
				GCC_WARN_UNUSED_VARIABLE = YES;
				IPHONEOS_DEPLOYMENT_TARGET = 11.4;
				MTL_ENABLE_DEBUG_INFO = YES;
				ONLY_ACTIVE_ARCH = YES;
				SDKROOT = iphoneos;
				SWIFT_ACTIVE_COMPILATION_CONDITIONS = DEBUG;
				SWIFT_OPTIMIZATION_LEVEL = "-Onone";
			};
			name = Debug;
		};
		017F69C92129EEBC002735E7 /* Release */ = {
			isa = XCBuildConfiguration;
			buildSettings = {
				ALWAYS_SEARCH_USER_PATHS = NO;
				CLANG_ANALYZER_NONNULL = YES;
				CLANG_ANALYZER_NUMBER_OBJECT_CONVERSION = YES_AGGRESSIVE;
				CLANG_CXX_LANGUAGE_STANDARD = "gnu++14";
				CLANG_CXX_LIBRARY = "libc++";
				CLANG_ENABLE_MODULES = YES;
				CLANG_ENABLE_OBJC_ARC = YES;
				CLANG_ENABLE_OBJC_WEAK = YES;
				CLANG_WARN_BLOCK_CAPTURE_AUTORELEASING = YES;
				CLANG_WARN_BOOL_CONVERSION = YES;
				CLANG_WARN_COMMA = YES;
				CLANG_WARN_CONSTANT_CONVERSION = YES;
				CLANG_WARN_DEPRECATED_OBJC_IMPLEMENTATIONS = YES;
				CLANG_WARN_DIRECT_OBJC_ISA_USAGE = YES_ERROR;
				CLANG_WARN_DOCUMENTATION_COMMENTS = YES;
				CLANG_WARN_EMPTY_BODY = YES;
				CLANG_WARN_ENUM_CONVERSION = YES;
				CLANG_WARN_INFINITE_RECURSION = YES;
				CLANG_WARN_INT_CONVERSION = YES;
				CLANG_WARN_NON_LITERAL_NULL_CONVERSION = YES;
				CLANG_WARN_OBJC_IMPLICIT_RETAIN_SELF = YES;
				CLANG_WARN_OBJC_LITERAL_CONVERSION = YES;
				CLANG_WARN_OBJC_ROOT_CLASS = YES_ERROR;
				CLANG_WARN_RANGE_LOOP_ANALYSIS = YES;
				CLANG_WARN_STRICT_PROTOTYPES = YES;
				CLANG_WARN_SUSPICIOUS_MOVE = YES;
				CLANG_WARN_UNGUARDED_AVAILABILITY = YES_AGGRESSIVE;
				CLANG_WARN_UNREACHABLE_CODE = YES;
				CLANG_WARN__DUPLICATE_METHOD_MATCH = YES;
				CODE_SIGN_IDENTITY = "iPhone Developer";
				COPY_PHASE_STRIP = NO;
				DEBUG_INFORMATION_FORMAT = "dwarf-with-dsym";
				ENABLE_NS_ASSERTIONS = NO;
				ENABLE_STRICT_OBJC_MSGSEND = YES;
				GCC_C_LANGUAGE_STANDARD = gnu11;
				GCC_NO_COMMON_BLOCKS = YES;
				GCC_WARN_64_TO_32_BIT_CONVERSION = YES;
				GCC_WARN_ABOUT_RETURN_TYPE = YES_ERROR;
				GCC_WARN_UNDECLARED_SELECTOR = YES;
				GCC_WARN_UNINITIALIZED_AUTOS = YES_AGGRESSIVE;
				GCC_WARN_UNUSED_FUNCTION = YES;
				GCC_WARN_UNUSED_VARIABLE = YES;
				IPHONEOS_DEPLOYMENT_TARGET = 11.4;
				MTL_ENABLE_DEBUG_INFO = NO;
				SDKROOT = iphoneos;
				SWIFT_COMPILATION_MODE = wholemodule;
				SWIFT_OPTIMIZATION_LEVEL = "-O";
				VALIDATE_PRODUCT = YES;
			};
			name = Release;
		};
		017F69CB2129EEBC002735E7 /* Debug */ = {
			isa = XCBuildConfiguration;
			baseConfigurationReference = 1049604CDE32C9AC3635FEF2 /* Pods-AnuallyFestival.debug.xcconfig */;
			buildSettings = {
				ASSETCATALOG_COMPILER_APPICON_NAME = AppIcon;
				CODE_SIGN_STYLE = Automatic;
				DEVELOPMENT_TEAM = XP44KJ6JB3;
				INFOPLIST_FILE = AnuallyFestival/Info.plist;
				LD_RUNPATH_SEARCH_PATHS = (
					"$(inherited)",
					"@executable_path/Frameworks",
				);
				PRODUCT_BUNDLE_IDENTIFIER = com.yoo.AnuallyFestival;
				PRODUCT_NAME = "$(TARGET_NAME)";
				SWIFT_VERSION = 4.0;
				TARGETED_DEVICE_FAMILY = "1,2";
			};
			name = Debug;
		};
		017F69CC2129EEBC002735E7 /* Release */ = {
			isa = XCBuildConfiguration;
			baseConfigurationReference = 4EBAA2139970244B111135F0 /* Pods-AnuallyFestival.release.xcconfig */;
			buildSettings = {
				ASSETCATALOG_COMPILER_APPICON_NAME = AppIcon;
				CODE_SIGN_STYLE = Automatic;
				DEVELOPMENT_TEAM = XP44KJ6JB3;
				INFOPLIST_FILE = AnuallyFestival/Info.plist;
				LD_RUNPATH_SEARCH_PATHS = (
					"$(inherited)",
					"@executable_path/Frameworks",
				);
				PRODUCT_BUNDLE_IDENTIFIER = com.yoo.AnuallyFestival;
				PRODUCT_NAME = "$(TARGET_NAME)";
				SWIFT_VERSION = 4.0;
				TARGETED_DEVICE_FAMILY = "1,2";
			};
			name = Release;
		};
/* End XCBuildConfiguration section */

/* Begin XCConfigurationList section */
		017F69B32129EEB9002735E7 /* Build configuration list for PBXProject "AnuallyFestival" */ = {
			isa = XCConfigurationList;
			buildConfigurations = (
				017F69C82129EEBC002735E7 /* Debug */,
				017F69C92129EEBC002735E7 /* Release */,
			);
			defaultConfigurationIsVisible = 0;
			defaultConfigurationName = Release;
		};
		017F69CA2129EEBC002735E7 /* Build configuration list for PBXNativeTarget "AnuallyFestival" */ = {
			isa = XCConfigurationList;
			buildConfigurations = (
				017F69CB2129EEBC002735E7 /* Debug */,
				017F69CC2129EEBC002735E7 /* Release */,
			);
			defaultConfigurationIsVisible = 0;
			defaultConfigurationName = Release;
		};
/* End XCConfigurationList section */
	};
	rootObject = 017F69B02129EEB9002735E7 /* Project object */;
}
